
Microsoft Visual Studio Solution File, Format Version 12.00
# Visual Studio Version 17
VisualStudioVersion = 17.14.36603.0 d17.14
MinimumVisualStudioVersion = 10.0.40219.1
Project("{FAE04EC0-301F-11D3-BF4B-00C04F79EFBC}") = "EmployeeRegister", "EmployeeRegister\EmployeeRegister.csproj", "{FCDD886A-CB94-469E-A7C3-FDC17F04EC38}"
EndProject
Global
	GlobalSection(SolutionConfigurationPlatforms) = preSolution
		Debug|Any CPU = Debug|Any CPU
		Release|Any CPU = Release|Any CPU
	EndGlobalSection
	GlobalSection(ProjectConfigurationPlatforms) = postSolution
		{FCDD886A-CB94-469E-A7C3-FDC17F04EC38}.Debug|Any CPU.ActiveCfg = Debug|Any CPU
		{FCDD886A-CB94-469E-A7C3-FDC17F04EC38}.Debug|Any CPU.Build.0 = Debug|Any CPU
		{FCDD886A-CB94-469E-A7C3-FDC17F04EC38}.Release|Any CPU.ActiveCfg = Release|Any CPU
		{FCDD886A-CB94-469E-A7C3-FDC17F04EC38}.Release|Any CPU.Build.0 = Release|Any CPU
	EndGlobalSection
	GlobalSection(SolutionProperties) = preSolution
		HideSolutionNode = FALSE
	EndGlobalSection
	GlobalSection(ExtensibilityGlobals) = postSolution
		SolutionGuid = {6E1EED87-484A-4175-BF8D-6D8541045A22}
	EndGlobalSection
EndGlobal
